// !$*UTF8*$!
{
	archiveVersion = 1;
	classes = {
	};
	objectVersion = 50;
	objects = {

/* Begin PBXBuildFile section */
		09BFF1CA265C249000395356 /* AppDelegate.swift in Sources */ = {isa = PBXBuildFile; fileRef = 09BFF1C9265C249000395356 /* AppDelegate.swift */; };
		09BFF1D3265C249100395356 /* Assets.xcassets in Resources */ = {isa = PBXBuildFile; fileRef = 09BFF1D2265C249100395356 /* Assets.xcassets */; };
		09BFF1D6265C249100395356 /* LaunchScreen.storyboard in Resources */ = {isa = PBXBuildFile; fileRef = 09BFF1D4265C249100395356 /* LaunchScreen.storyboard */; };
		09BFF205265C258200395356 /* SplashViewController.swift in Sources */ = {isa = PBXBuildFile; fileRef = 09BFF203265C258200395356 /* SplashViewController.swift */; };
		09BFF206265C258200395356 /* SplashViewController.xib in Resources */ = {isa = PBXBuildFile; fileRef = 09BFF204265C258200395356 /* SplashViewController.xib */; };
		09BFF217265C315700395356 /* AppAssembly.swift in Sources */ = {isa = PBXBuildFile; fileRef = 09BFF216265C315700395356 /* AppAssembly.swift */; };
		09BFF22E265C393100395356 /* BaseVIPER.swift in Sources */ = {isa = PBXBuildFile; fileRef = 09BFF22D265C393100395356 /* BaseVIPER.swift */; };
		09BFF233265D6D4A00395356 /* SplashPresenterImpl.swift in Sources */ = {isa = PBXBuildFile; fileRef = 09BFF232265D6D4A00395356 /* SplashPresenterImpl.swift */; };
		09BFF238265D6EE700395356 /* SplashRouterImpl.swift in Sources */ = {isa = PBXBuildFile; fileRef = 09BFF237265D6EE700395356 /* SplashRouterImpl.swift */; };
		09BFF23D265D71BC00395356 /* SplashAssembly.swift in Sources */ = {isa = PBXBuildFile; fileRef = 09BFF23C265D71BC00395356 /* SplashAssembly.swift */; };
		09BFF243265D730E00395356 /* ReuseIdentifier.swift in Sources */ = {isa = PBXBuildFile; fileRef = 09BFF242265D730E00395356 /* ReuseIdentifier.swift */; };
		09BFF24C265EB91200395356 /* RequestManager.swift in Sources */ = {isa = PBXBuildFile; fileRef = 09BFF24B265EB91200395356 /* RequestManager.swift */; };
		09BFF255265EBA3700395356 /* Utils.swift in Sources */ = {isa = PBXBuildFile; fileRef = 09BFF254265EBA3700395356 /* Utils.swift */; };
		09BFF25E265EC43B00395356 /* SplashProviderImpl.swift in Sources */ = {isa = PBXBuildFile; fileRef = 09BFF25D265EC43B00395356 /* SplashProviderImpl.swift */; };
		09BFF267265EC76E00395356 /* ResponseMenuModel.swift in Sources */ = {isa = PBXBuildFile; fileRef = 09BFF266265EC76E00395356 /* ResponseMenuModel.swift */; };
		09BFF26F265ED2A900395356 /* SplashInteractorImpl.swift in Sources */ = {isa = PBXBuildFile; fileRef = 09BFF26E265ED2A900395356 /* SplashInteractorImpl.swift */; };
		09BFF276265ED98200395356 /* MenuViewModel.swift in Sources */ = {isa = PBXBuildFile; fileRef = 09BFF275265ED98200395356 /* MenuViewModel.swift */; };
		09BFF27E2660144100395356 /* SWRevealViewController .m in Sources */ = {isa = PBXBuildFile; fileRef = 09BFF27D2660144100395356 /* SWRevealViewController .m */; };
		09BFF2852660155900395356 /* HomeTabBarController.swift in Sources */ = {isa = PBXBuildFile; fileRef = 09BFF2832660155900395356 /* HomeTabBarController.swift */; };
		09BFF2862660155900395356 /* HomeTabBarController.xib in Resources */ = {isa = PBXBuildFile; fileRef = 09BFF2842660155900395356 /* HomeTabBarController.xib */; };
		09BFF28E2660159D00395356 /* HomeTabBarAssembly.swift in Sources */ = {isa = PBXBuildFile; fileRef = 09BFF28D2660159D00395356 /* HomeTabBarAssembly.swift */; };
		09BFF2CB2661654200395356 /* TrainingTwoPresenterImpl.swift in Sources */ = {isa = PBXBuildFile; fileRef = 09BFF2C82661654200395356 /* TrainingTwoPresenterImpl.swift */; };
		09BFF2CC2661654200395356 /* TrainingTwoAssembly.swift in Sources */ = {isa = PBXBuildFile; fileRef = 09BFF2C42661654200395356 /* TrainingTwoAssembly.swift */; };
		09BFF2CD2661654200395356 /* TrainingTwoInteractorImpl.swift in Sources */ = {isa = PBXBuildFile; fileRef = 09BFF2C32661654200395356 /* TrainingTwoInteractorImpl.swift */; };
		09BFF2CE2661654200395356 /* TrainingTwoProviderImpl.swift in Sources */ = {isa = PBXBuildFile; fileRef = 09BFF2C72661654200395356 /* TrainingTwoProviderImpl.swift */; };
		09BFF2CF2661654200395356 /* TrainingTwoRouterImpl.swift in Sources */ = {isa = PBXBuildFile; fileRef = 09BFF2C52661654200395356 /* TrainingTwoRouterImpl.swift */; };
		09BFF2E22661656F00395356 /* TrainingOnePresenterImpl.swift in Sources */ = {isa = PBXBuildFile; fileRef = 09BFF2E12661656F00395356 /* TrainingOnePresenterImpl.swift */; };
		09BFF2E32661656F00395356 /* TrainingOneAssembly.swift in Sources */ = {isa = PBXBuildFile; fileRef = 09BFF2E02661656F00395356 /* TrainingOneAssembly.swift */; };
		09BFF2E42661656F00395356 /* TrainingOneRouterImpl.swift in Sources */ = {isa = PBXBuildFile; fileRef = 09BFF2DC2661656E00395356 /* TrainingOneRouterImpl.swift */; };
		09BFF2E62661656F00395356 /* TrainingOneProviderImpl.swift in Sources */ = {isa = PBXBuildFile; fileRef = 09BFF2DD2661656E00395356 /* TrainingOneProviderImpl.swift */; };
		09BFF2E72661656F00395356 /* TrainingOneInteractorImpl.swift in Sources */ = {isa = PBXBuildFile; fileRef = 09BFF2DB2661656E00395356 /* TrainingOneInteractorImpl.swift */; };
		09BFF307266166C100395356 /* MenuRouterImpl.swift in Sources */ = {isa = PBXBuildFile; fileRef = 09BFF301266166C000395356 /* MenuRouterImpl.swift */; };
		09BFF308266166C100395356 /* MenuInteractorImpl.swift in Sources */ = {isa = PBXBuildFile; fileRef = 09BFF303266166C100395356 /* MenuInteractorImpl.swift */; };
		09BFF309266166C100395356 /* MenuProviderImpl.swift in Sources */ = {isa = PBXBuildFile; fileRef = 09BFF306266166C100395356 /* MenuProviderImpl.swift */; };
		09BFF30A266166C100395356 /* MenuAssembly.swift in Sources */ = {isa = PBXBuildFile; fileRef = 09BFF305266166C100395356 /* MenuAssembly.swift */; };
		09BFF30C266166C100395356 /* MenuPresenterImpl.swift in Sources */ = {isa = PBXBuildFile; fileRef = 09BFF304266166C100395356 /* MenuPresenterImpl.swift */; };
		09BFF31826616DB100395356 /* TrainingOneViewController.swift in Sources */ = {isa = PBXBuildFile; fileRef = 09BFF31626616DB100395356 /* TrainingOneViewController.swift */; };
		09BFF31926616DB100395356 /* TrainingOneViewController.xib in Resources */ = {isa = PBXBuildFile; fileRef = 09BFF31726616DB100395356 /* TrainingOneViewController.xib */; };
		09BFF32226616DE300395356 /* TrainingTwoViewController.swift in Sources */ = {isa = PBXBuildFile; fileRef = 09BFF32026616DE300395356 /* TrainingTwoViewController.swift */; };
		09BFF32326616DE300395356 /* TrainingTwoViewController.xib in Resources */ = {isa = PBXBuildFile; fileRef = 09BFF32126616DE300395356 /* TrainingTwoViewController.xib */; };
		09BFF32C26616E1400395356 /* MenuViewController.swift in Sources */ = {isa = PBXBuildFile; fileRef = 09BFF32A26616E1400395356 /* MenuViewController.swift */; };
		09BFF32D26616E1400395356 /* MenuViewController.xib in Resources */ = {isa = PBXBuildFile; fileRef = 09BFF32B26616E1400395356 /* MenuViewController.xib */; };
		09BFF33426617BBE00395356 /* HeaderTableViewCell.swift in Sources */ = {isa = PBXBuildFile; fileRef = 09BFF33226617BBE00395356 /* HeaderTableViewCell.swift */; };
		09BFF33526617BBE00395356 /* HeaderTableViewCell.xib in Resources */ = {isa = PBXBuildFile; fileRef = 09BFF33326617BBE00395356 /* HeaderTableViewCell.xib */; };
		09BFF33E26617FA100395356 /* BodyTableViewCell.swift in Sources */ = {isa = PBXBuildFile; fileRef = 09BFF33C26617FA100395356 /* BodyTableViewCell.swift */; };
		09BFF33F26617FA100395356 /* BodyTableViewCell.xib in Resources */ = {isa = PBXBuildFile; fileRef = 09BFF33D26617FA100395356 /* BodyTableViewCell.xib */; };
		09BFF344266560EE00395356 /* CoreDataStack.swift in Sources */ = {isa = PBXBuildFile; fileRef = 09BFF343266560EE00395356 /* CoreDataStack.swift */; };
		09BFF3492665702C00395356 /* NetworkError.swift in Sources */ = {isa = PBXBuildFile; fileRef = 09BFF3482665702C00395356 /* NetworkError.swift */; };
		09BFF35A2665768600395356 /* GenericWebViewAssembly.swift in Sources */ = {isa = PBXBuildFile; fileRef = 09BFF3592665768600395356 /* GenericWebViewAssembly.swift */; };
		09BFF35B2665768600395356 /* GenericWebViewProviderImpl.swift in Sources */ = {isa = PBXBuildFile; fileRef = 09BFF3542665768600395356 /* GenericWebViewProviderImpl.swift */; };
		09BFF35C2665768600395356 /* GenericWebViewRouterImpl.swift in Sources */ = {isa = PBXBuildFile; fileRef = 09BFF3582665768600395356 /* GenericWebViewRouterImpl.swift */; };
		09BFF35E2665768600395356 /* GenericWebViewPresenterImpl.swift in Sources */ = {isa = PBXBuildFile; fileRef = 09BFF3572665768600395356 /* GenericWebViewPresenterImpl.swift */; };
		09BFF35F2665768600395356 /* GenericWebViewInteractorImpl.swift in Sources */ = {isa = PBXBuildFile; fileRef = 09BFF3532665768500395356 /* GenericWebViewInteractorImpl.swift */; };
		09BFF36B266576C200395356 /* GenericWebViewController.swift in Sources */ = {isa = PBXBuildFile; fileRef = 09BFF369266576C200395356 /* GenericWebViewController.swift */; };
		09BFF36C266576C200395356 /* GenericWebViewController.xib in Resources */ = {isa = PBXBuildFile; fileRef = 09BFF36A266576C200395356 /* GenericWebViewController.xib */; };
/* End PBXBuildFile section */

/* Begin PBXContainerItemProxy section */
		09BFF1DD265C249200395356 /* PBXContainerItemProxy */ = {
			isa = PBXContainerItemProxy;
			containerPortal = 09BFF1BE265C248F00395356 /* Project object */;
			proxyType = 1;
			remoteGlobalIDString = 09BFF1C5265C249000395356;
			remoteInfo = CiceSports;
		};
		09BFF1E8265C249200395356 /* PBXContainerItemProxy */ = {
			isa = PBXContainerItemProxy;
			containerPortal = 09BFF1BE265C248F00395356 /* Project object */;
			proxyType = 1;
			remoteGlobalIDString = 09BFF1C5265C249000395356;
			remoteInfo = CiceSports;
		};
/* End PBXContainerItemProxy section */

/* Begin PBXFileReference section */
		09BFF1C6265C249000395356 /* CiceSports.app */ = {isa = PBXFileReference; explicitFileType = wrapper.application; includeInIndex = 0; path = CiceSports.app; sourceTree = BUILT_PRODUCTS_DIR; };
		09BFF1C9265C249000395356 /* AppDelegate.swift */ = {isa = PBXFileReference; lastKnownFileType = sourcecode.swift; path = AppDelegate.swift; sourceTree = "<group>"; };
		09BFF1D2265C249100395356 /* Assets.xcassets */ = {isa = PBXFileReference; lastKnownFileType = folder.assetcatalog; path = Assets.xcassets; sourceTree = "<group>"; };
		09BFF1D5265C249100395356 /* Base */ = {isa = PBXFileReference; lastKnownFileType = file.storyboard; name = Base; path = Base.lproj/LaunchScreen.storyboard; sourceTree = "<group>"; };
		09BFF1D7265C249100395356 /* Info.plist */ = {isa = PBXFileReference; lastKnownFileType = text.plist.xml; path = Info.plist; sourceTree = "<group>"; };
		09BFF1DC265C249200395356 /* CiceSportsTests.xctest */ = {isa = PBXFileReference; explicitFileType = wrapper.cfbundle; includeInIndex = 0; path = CiceSportsTests.xctest; sourceTree = BUILT_PRODUCTS_DIR; };
		09BFF1E7265C249200395356 /* CiceSportsUITests.xctest */ = {isa = PBXFileReference; explicitFileType = wrapper.cfbundle; includeInIndex = 0; path = CiceSportsUITests.xctest; sourceTree = BUILT_PRODUCTS_DIR; };
		09BFF203265C258200395356 /* SplashViewController.swift */ = {isa = PBXFileReference; lastKnownFileType = sourcecode.swift; path = SplashViewController.swift; sourceTree = "<group>"; };
		09BFF204265C258200395356 /* SplashViewController.xib */ = {isa = PBXFileReference; lastKnownFileType = file.xib; path = SplashViewController.xib; sourceTree = "<group>"; };
		09BFF216265C315700395356 /* AppAssembly.swift */ = {isa = PBXFileReference; lastKnownFileType = sourcecode.swift; path = AppAssembly.swift; sourceTree = "<group>"; };
		09BFF22D265C393100395356 /* BaseVIPER.swift */ = {isa = PBXFileReference; lastKnownFileType = sourcecode.swift; path = BaseVIPER.swift; sourceTree = "<group>"; };
		09BFF232265D6D4A00395356 /* SplashPresenterImpl.swift */ = {isa = PBXFileReference; lastKnownFileType = sourcecode.swift; path = SplashPresenterImpl.swift; sourceTree = "<group>"; };
		09BFF237265D6EE700395356 /* SplashRouterImpl.swift */ = {isa = PBXFileReference; lastKnownFileType = sourcecode.swift; path = SplashRouterImpl.swift; sourceTree = "<group>"; };
		09BFF23C265D71BC00395356 /* SplashAssembly.swift */ = {isa = PBXFileReference; lastKnownFileType = sourcecode.swift; path = SplashAssembly.swift; sourceTree = "<group>"; };
		09BFF242265D730E00395356 /* ReuseIdentifier.swift */ = {isa = PBXFileReference; lastKnownFileType = sourcecode.swift; path = ReuseIdentifier.swift; sourceTree = "<group>"; };
		09BFF24B265EB91200395356 /* RequestManager.swift */ = {isa = PBXFileReference; lastKnownFileType = sourcecode.swift; path = RequestManager.swift; sourceTree = "<group>"; };
		09BFF254265EBA3700395356 /* Utils.swift */ = {isa = PBXFileReference; lastKnownFileType = sourcecode.swift; path = Utils.swift; sourceTree = "<group>"; };
		09BFF25D265EC43B00395356 /* SplashProviderImpl.swift */ = {isa = PBXFileReference; lastKnownFileType = sourcecode.swift; path = SplashProviderImpl.swift; sourceTree = "<group>"; };
		09BFF266265EC76E00395356 /* ResponseMenuModel.swift */ = {isa = PBXFileReference; lastKnownFileType = sourcecode.swift; path = ResponseMenuModel.swift; sourceTree = "<group>"; };
		09BFF26E265ED2A900395356 /* SplashInteractorImpl.swift */ = {isa = PBXFileReference; lastKnownFileType = sourcecode.swift; path = SplashInteractorImpl.swift; sourceTree = "<group>"; };
		09BFF275265ED98200395356 /* MenuViewModel.swift */ = {isa = PBXFileReference; lastKnownFileType = sourcecode.swift; path = MenuViewModel.swift; sourceTree = "<group>"; };
		09BFF27B2660144100395356 /* CiceSports-Bridging-Header.h */ = {isa = PBXFileReference; lastKnownFileType = sourcecode.c.h; path = "CiceSports-Bridging-Header.h"; sourceTree = "<group>"; };
		09BFF27C2660144100395356 /* SWRevealViewController.h */ = {isa = PBXFileReference; fileEncoding = 4; lastKnownFileType = sourcecode.c.h; path = SWRevealViewController.h; sourceTree = "<group>"; };
		09BFF27D2660144100395356 /* SWRevealViewController .m */ = {isa = PBXFileReference; fileEncoding = 4; lastKnownFileType = sourcecode.c.objc; path = "SWRevealViewController .m"; sourceTree = "<group>"; };
		09BFF2832660155900395356 /* HomeTabBarController.swift */ = {isa = PBXFileReference; lastKnownFileType = sourcecode.swift; path = HomeTabBarController.swift; sourceTree = "<group>"; };
		09BFF2842660155900395356 /* HomeTabBarController.xib */ = {isa = PBXFileReference; lastKnownFileType = file.xib; path = HomeTabBarController.xib; sourceTree = "<group>"; };
		09BFF28D2660159D00395356 /* HomeTabBarAssembly.swift */ = {isa = PBXFileReference; lastKnownFileType = sourcecode.swift; path = HomeTabBarAssembly.swift; sourceTree = "<group>"; };
		09BFF2C32661654200395356 /* TrainingTwoInteractorImpl.swift */ = {isa = PBXFileReference; lastKnownFileType = sourcecode.swift; path = TrainingTwoInteractorImpl.swift; sourceTree = "<group>"; };
		09BFF2C42661654200395356 /* TrainingTwoAssembly.swift */ = {isa = PBXFileReference; lastKnownFileType = sourcecode.swift; path = TrainingTwoAssembly.swift; sourceTree = "<group>"; };
		09BFF2C52661654200395356 /* TrainingTwoRouterImpl.swift */ = {isa = PBXFileReference; lastKnownFileType = sourcecode.swift; path = TrainingTwoRouterImpl.swift; sourceTree = "<group>"; };
		09BFF2C72661654200395356 /* TrainingTwoProviderImpl.swift */ = {isa = PBXFileReference; lastKnownFileType = sourcecode.swift; path = TrainingTwoProviderImpl.swift; sourceTree = "<group>"; };
		09BFF2C82661654200395356 /* TrainingTwoPresenterImpl.swift */ = {isa = PBXFileReference; lastKnownFileType = sourcecode.swift; path = TrainingTwoPresenterImpl.swift; sourceTree = "<group>"; };
		09BFF2DB2661656E00395356 /* TrainingOneInteractorImpl.swift */ = {isa = PBXFileReference; lastKnownFileType = sourcecode.swift; path = TrainingOneInteractorImpl.swift; sourceTree = "<group>"; };
		09BFF2DC2661656E00395356 /* TrainingOneRouterImpl.swift */ = {isa = PBXFileReference; lastKnownFileType = sourcecode.swift; path = TrainingOneRouterImpl.swift; sourceTree = "<group>"; };
		09BFF2DD2661656E00395356 /* TrainingOneProviderImpl.swift */ = {isa = PBXFileReference; lastKnownFileType = sourcecode.swift; path = TrainingOneProviderImpl.swift; sourceTree = "<group>"; };
		09BFF2E02661656F00395356 /* TrainingOneAssembly.swift */ = {isa = PBXFileReference; lastKnownFileType = sourcecode.swift; path = TrainingOneAssembly.swift; sourceTree = "<group>"; };
		09BFF2E12661656F00395356 /* TrainingOnePresenterImpl.swift */ = {isa = PBXFileReference; lastKnownFileType = sourcecode.swift; path = TrainingOnePresenterImpl.swift; sourceTree = "<group>"; };
		09BFF301266166C000395356 /* MenuRouterImpl.swift */ = {isa = PBXFileReference; lastKnownFileType = sourcecode.swift; path = MenuRouterImpl.swift; sourceTree = "<group>"; };
		09BFF303266166C100395356 /* MenuInteractorImpl.swift */ = {isa = PBXFileReference; lastKnownFileType = sourcecode.swift; path = MenuInteractorImpl.swift; sourceTree = "<group>"; };
		09BFF304266166C100395356 /* MenuPresenterImpl.swift */ = {isa = PBXFileReference; lastKnownFileType = sourcecode.swift; path = MenuPresenterImpl.swift; sourceTree = "<group>"; };
		09BFF305266166C100395356 /* MenuAssembly.swift */ = {isa = PBXFileReference; lastKnownFileType = sourcecode.swift; path = MenuAssembly.swift; sourceTree = "<group>"; };
		09BFF306266166C100395356 /* MenuProviderImpl.swift */ = {isa = PBXFileReference; lastKnownFileType = sourcecode.swift; path = MenuProviderImpl.swift; sourceTree = "<group>"; };
		09BFF31626616DB100395356 /* TrainingOneViewController.swift */ = {isa = PBXFileReference; lastKnownFileType = sourcecode.swift; path = TrainingOneViewController.swift; sourceTree = "<group>"; };
		09BFF31726616DB100395356 /* TrainingOneViewController.xib */ = {isa = PBXFileReference; lastKnownFileType = file.xib; path = TrainingOneViewController.xib; sourceTree = "<group>"; };
		09BFF32026616DE300395356 /* TrainingTwoViewController.swift */ = {isa = PBXFileReference; lastKnownFileType = sourcecode.swift; path = TrainingTwoViewController.swift; sourceTree = "<group>"; };
		09BFF32126616DE300395356 /* TrainingTwoViewController.xib */ = {isa = PBXFileReference; lastKnownFileType = file.xib; path = TrainingTwoViewController.xib; sourceTree = "<group>"; };
		09BFF32A26616E1400395356 /* MenuViewController.swift */ = {isa = PBXFileReference; lastKnownFileType = sourcecode.swift; path = MenuViewController.swift; sourceTree = "<group>"; };
		09BFF32B26616E1400395356 /* MenuViewController.xib */ = {isa = PBXFileReference; lastKnownFileType = file.xib; path = MenuViewController.xib; sourceTree = "<group>"; };
		09BFF33226617BBE00395356 /* HeaderTableViewCell.swift */ = {isa = PBXFileReference; lastKnownFileType = sourcecode.swift; path = HeaderTableViewCell.swift; sourceTree = "<group>"; };
		09BFF33326617BBE00395356 /* HeaderTableViewCell.xib */ = {isa = PBXFileReference; lastKnownFileType = file.xib; path = HeaderTableViewCell.xib; sourceTree = "<group>"; };
		09BFF33C26617FA100395356 /* BodyTableViewCell.swift */ = {isa = PBXFileReference; lastKnownFileType = sourcecode.swift; path = BodyTableViewCell.swift; sourceTree = "<group>"; };
		09BFF33D26617FA100395356 /* BodyTableViewCell.xib */ = {isa = PBXFileReference; lastKnownFileType = file.xib; path = BodyTableViewCell.xib; sourceTree = "<group>"; };
		09BFF343266560EE00395356 /* CoreDataStack.swift */ = {isa = PBXFileReference; lastKnownFileType = sourcecode.swift; path = CoreDataStack.swift; sourceTree = "<group>"; };
		09BFF3482665702C00395356 /* NetworkError.swift */ = {isa = PBXFileReference; fileEncoding = 4; lastKnownFileType = sourcecode.swift; path = NetworkError.swift; sourceTree = "<group>"; };
		09BFF3532665768500395356 /* GenericWebViewInteractorImpl.swift */ = {isa = PBXFileReference; lastKnownFileType = sourcecode.swift; path = GenericWebViewInteractorImpl.swift; sourceTree = "<group>"; };
		09BFF3542665768600395356 /* GenericWebViewProviderImpl.swift */ = {isa = PBXFileReference; lastKnownFileType = sourcecode.swift; path = GenericWebViewProviderImpl.swift; sourceTree = "<group>"; };
		09BFF3572665768600395356 /* GenericWebViewPresenterImpl.swift */ = {isa = PBXFileReference; lastKnownFileType = sourcecode.swift; path = GenericWebViewPresenterImpl.swift; sourceTree = "<group>"; };
		09BFF3582665768600395356 /* GenericWebViewRouterImpl.swift */ = {isa = PBXFileReference; lastKnownFileType = sourcecode.swift; path = GenericWebViewRouterImpl.swift; sourceTree = "<group>"; };
		09BFF3592665768600395356 /* GenericWebViewAssembly.swift */ = {isa = PBXFileReference; lastKnownFileType = sourcecode.swift; path = GenericWebViewAssembly.swift; sourceTree = "<group>"; };
		09BFF369266576C200395356 /* GenericWebViewController.swift */ = {isa = PBXFileReference; lastKnownFileType = sourcecode.swift; path = GenericWebViewController.swift; sourceTree = "<group>"; };
		09BFF36A266576C200395356 /* GenericWebViewController.xib */ = {isa = PBXFileReference; lastKnownFileType = file.xib; path = GenericWebViewController.xib; sourceTree = "<group>"; };
/* End PBXFileReference section */

/* Begin PBXFrameworksBuildPhase section */
		09BFF1C3265C249000395356 /* Frameworks */ = {
			isa = PBXFrameworksBuildPhase;
			buildActionMask = 2147483647;
			files = (
			);
			runOnlyForDeploymentPostprocessing = 0;
		};
		09BFF1D9265C249200395356 /* Frameworks */ = {
			isa = PBXFrameworksBuildPhase;
			buildActionMask = 2147483647;
			files = (
			);
			runOnlyForDeploymentPostprocessing = 0;
		};
		09BFF1E4265C249200395356 /* Frameworks */ = {
			isa = PBXFrameworksBuildPhase;
			buildActionMask = 2147483647;
			files = (
			);
			runOnlyForDeploymentPostprocessing = 0;
		};
/* End PBXFrameworksBuildPhase section */

/* Begin PBXGroup section */
		09BFF1BD265C248F00395356 = {
			isa = PBXGroup;
			children = (
				09BFF1C8265C249000395356 /* CiceSports */,
				09BFF1C7265C249000395356 /* Products */,
			);
			sourceTree = "<group>";
		};
		09BFF1C7265C249000395356 /* Products */ = {
			isa = PBXGroup;
			children = (
				09BFF1C6265C249000395356 /* CiceSports.app */,
				09BFF1DC265C249200395356 /* CiceSportsTests.xctest */,
				09BFF1E7265C249200395356 /* CiceSportsUITests.xctest */,
			);
			name = Products;
			sourceTree = "<group>";
		};
		09BFF1C8265C249000395356 /* CiceSports */ = {
			isa = PBXGroup;
			children = (
				09BFF27A266013F200395356 /* MenuLateral */,
				09BFF253265EBA2900395356 /* Utils */,
				09BFF24A265EB8D400395356 /* Managers */,
				09BFF241265D72E300395356 /* Helpers */,
				09BFF221265C38E900395356 /* BaseVIPER */,
				09BFF215265C30F500395356 /* Core */,
				09BFF202265C253400395356 /* Modules */,
				09BFF1C9265C249000395356 /* AppDelegate.swift */,
				09BFF1D2265C249100395356 /* Assets.xcassets */,
				09BFF1D4265C249100395356 /* LaunchScreen.storyboard */,
				09BFF1D7265C249100395356 /* Info.plist */,
			);
			path = CiceSports;
			sourceTree = "<group>";
		};
		09BFF202265C253400395356 /* Modules */ = {
			isa = PBXGroup;
			children = (
				09BFF34D2665764400395356 /* WebView */,
				09BFF29D2660266D00395356 /* Training */,
				09BFF2922660222800395356 /* Menu */,
				09BFF2822660150400395356 /* Home */,
				09BFF20A265C259E00395356 /* SplashView */,
			);
			path = Modules;
			sourceTree = "<group>";
		};
		09BFF20A265C259E00395356 /* SplashView */ = {
			isa = PBXGroup;
			children = (
				09BFF274265ED96A00395356 /* ViewModel */,
				09BFF25C265EC40C00395356 /* Infrastucture */,
				09BFF203265C258200395356 /* SplashViewController.swift */,
				09BFF204265C258200395356 /* SplashViewController.xib */,
				09BFF232265D6D4A00395356 /* SplashPresenterImpl.swift */,
				09BFF26E265ED2A900395356 /* SplashInteractorImpl.swift */,
				09BFF237265D6EE700395356 /* SplashRouterImpl.swift */,
			);
			path = SplashView;
			sourceTree = "<group>";
		};
		09BFF215265C30F500395356 /* Core */ = {
			isa = PBXGroup;
			children = (
				09BFF216265C315700395356 /* AppAssembly.swift */,
			);
			path = Core;
			sourceTree = "<group>";
		};
		09BFF221265C38E900395356 /* BaseVIPER */ = {
			isa = PBXGroup;
			children = (
				09BFF22D265C393100395356 /* BaseVIPER.swift */,
			);
			path = BaseVIPER;
			sourceTree = "<group>";
		};
		09BFF241265D72E300395356 /* Helpers */ = {
			isa = PBXGroup;
			children = (
				09BFF242265D730E00395356 /* ReuseIdentifier.swift */,
			);
			path = Helpers;
			sourceTree = "<group>";
		};
		09BFF24A265EB8D400395356 /* Managers */ = {
			isa = PBXGroup;
			children = (
				09BFF3482665702C00395356 /* NetworkError.swift */,
				09BFF24B265EB91200395356 /* RequestManager.swift */,
				09BFF343266560EE00395356 /* CoreDataStack.swift */,
			);
			path = Managers;
			sourceTree = "<group>";
		};
		09BFF253265EBA2900395356 /* Utils */ = {
			isa = PBXGroup;
			children = (
				09BFF254265EBA3700395356 /* Utils.swift */,
			);
			path = Utils;
			sourceTree = "<group>";
		};
		09BFF25C265EC40C00395356 /* Infrastucture */ = {
			isa = PBXGroup;
			children = (
				09BFF265265EC75C00395356 /* Model */,
				09BFF23C265D71BC00395356 /* SplashAssembly.swift */,
				09BFF25D265EC43B00395356 /* SplashProviderImpl.swift */,
			);
			path = Infrastucture;
			sourceTree = "<group>";
		};
		09BFF265265EC75C00395356 /* Model */ = {
			isa = PBXGroup;
			children = (
				09BFF266265EC76E00395356 /* ResponseMenuModel.swift */,
			);
			path = Model;
			sourceTree = "<group>";
		};
		09BFF274265ED96A00395356 /* ViewModel */ = {
			isa = PBXGroup;
			children = (
				09BFF275265ED98200395356 /* MenuViewModel.swift */,
			);
			path = ViewModel;
			sourceTree = "<group>";
		};
		09BFF27A266013F200395356 /* MenuLateral */ = {
			isa = PBXGroup;
			children = (
				09BFF27D2660144100395356 /* SWRevealViewController .m */,
				09BFF27C2660144100395356 /* SWRevealViewController.h */,
				09BFF27B2660144100395356 /* CiceSports-Bridging-Header.h */,
			);
			path = MenuLateral;
			sourceTree = "<group>";
		};
		09BFF2822660150400395356 /* Home */ = {
			isa = PBXGroup;
			children = (
				09BFF2832660155900395356 /* HomeTabBarController.swift */,
				09BFF2842660155900395356 /* HomeTabBarController.xib */,
				09BFF28D2660159D00395356 /* HomeTabBarAssembly.swift */,
			);
			path = Home;
			sourceTree = "<group>";
		};
		09BFF2922660222800395356 /* Menu */ = {
			isa = PBXGroup;
			children = (
				09BFF33126617B7600395356 /* Components */,
				09BFF305266166C100395356 /* MenuAssembly.swift */,
				09BFF303266166C100395356 /* MenuInteractorImpl.swift */,
				09BFF304266166C100395356 /* MenuPresenterImpl.swift */,
				09BFF306266166C100395356 /* MenuProviderImpl.swift */,
				09BFF301266166C000395356 /* MenuRouterImpl.swift */,
				09BFF32A26616E1400395356 /* MenuViewController.swift */,
				09BFF32B26616E1400395356 /* MenuViewController.xib */,
			);
			path = Menu;
			sourceTree = "<group>";
		};
		09BFF29D2660266D00395356 /* Training */ = {
			isa = PBXGroup;
			children = (
				09BFF29F266026E300395356 /* N2 */,
				09BFF29E266026D900395356 /* N1 */,
			);
			path = Training;
			sourceTree = "<group>";
		};
		09BFF29E266026D900395356 /* N1 */ = {
			isa = PBXGroup;
			children = (
				09BFF2E02661656F00395356 /* TrainingOneAssembly.swift */,
				09BFF2DB2661656E00395356 /* TrainingOneInteractorImpl.swift */,
				09BFF2E12661656F00395356 /* TrainingOnePresenterImpl.swift */,
				09BFF2DD2661656E00395356 /* TrainingOneProviderImpl.swift */,
				09BFF2DC2661656E00395356 /* TrainingOneRouterImpl.swift */,
				09BFF31626616DB100395356 /* TrainingOneViewController.swift */,
				09BFF31726616DB100395356 /* TrainingOneViewController.xib */,
			);
			path = N1;
			sourceTree = "<group>";
		};
		09BFF29F266026E300395356 /* N2 */ = {
			isa = PBXGroup;
			children = (
				09BFF2C42661654200395356 /* TrainingTwoAssembly.swift */,
				09BFF2C32661654200395356 /* TrainingTwoInteractorImpl.swift */,
				09BFF2C82661654200395356 /* TrainingTwoPresenterImpl.swift */,
				09BFF2C72661654200395356 /* TrainingTwoProviderImpl.swift */,
				09BFF2C52661654200395356 /* TrainingTwoRouterImpl.swift */,
				09BFF32026616DE300395356 /* TrainingTwoViewController.swift */,
				09BFF32126616DE300395356 /* TrainingTwoViewController.xib */,
			);
			path = N2;
			sourceTree = "<group>";
		};
		09BFF33126617B7600395356 /* Components */ = {
			isa = PBXGroup;
			children = (
				09BFF33226617BBE00395356 /* HeaderTableViewCell.swift */,
				09BFF33326617BBE00395356 /* HeaderTableViewCell.xib */,
				09BFF33C26617FA100395356 /* BodyTableViewCell.swift */,
				09BFF33D26617FA100395356 /* BodyTableViewCell.xib */,
			);
			path = Components;
			sourceTree = "<group>";
		};
		09BFF34D2665764400395356 /* WebView */ = {
			isa = PBXGroup;
			children = (
				09BFF3592665768600395356 /* GenericWebViewAssembly.swift */,
				09BFF3532665768500395356 /* GenericWebViewInteractorImpl.swift */,
				09BFF3572665768600395356 /* GenericWebViewPresenterImpl.swift */,
				09BFF3542665768600395356 /* GenericWebViewProviderImpl.swift */,
				09BFF3582665768600395356 /* GenericWebViewRouterImpl.swift */,
				09BFF369266576C200395356 /* GenericWebViewController.swift */,
				09BFF36A266576C200395356 /* GenericWebViewController.xib */,
			);
			path = WebView;
			sourceTree = "<group>";
		};
/* End PBXGroup section */

/* Begin PBXNativeTarget section */
		09BFF1C5265C249000395356 /* CiceSports */ = {
			isa = PBXNativeTarget;
			buildConfigurationList = 09BFF1F0265C249200395356 /* Build configuration list for PBXNativeTarget "CiceSports" */;
			buildPhases = (
				09BFF1C2265C249000395356 /* Sources */,
				09BFF1C3265C249000395356 /* Frameworks */,
				09BFF1C4265C249000395356 /* Resources */,
			);
			buildRules = (
			);
			dependencies = (
			);
			name = CiceSports;
			productName = CiceSports;
			productReference = 09BFF1C6265C249000395356 /* CiceSports.app */;
			productType = "com.apple.product-type.application";
		};
		09BFF1DB265C249200395356 /* CiceSportsTests */ = {
			isa = PBXNativeTarget;
			buildConfigurationList = 09BFF1F3265C249200395356 /* Build configuration list for PBXNativeTarget "CiceSportsTests" */;
			buildPhases = (
				09BFF1D8265C249200395356 /* Sources */,
				09BFF1D9265C249200395356 /* Frameworks */,
				09BFF1DA265C249200395356 /* Resources */,
			);
			buildRules = (
			);
			dependencies = (
				09BFF1DE265C249200395356 /* PBXTargetDependency */,
			);
			name = CiceSportsTests;
			productName = CiceSportsTests;
			productReference = 09BFF1DC265C249200395356 /* CiceSportsTests.xctest */;
			productType = "com.apple.product-type.bundle.unit-test";
		};
		09BFF1E6265C249200395356 /* CiceSportsUITests */ = {
			isa = PBXNativeTarget;
			buildConfigurationList = 09BFF1F6265C249200395356 /* Build configuration list for PBXNativeTarget "CiceSportsUITests" */;
			buildPhases = (
				09BFF1E3265C249200395356 /* Sources */,
				09BFF1E4265C249200395356 /* Frameworks */,
				09BFF1E5265C249200395356 /* Resources */,
			);
			buildRules = (
			);
			dependencies = (
				09BFF1E9265C249200395356 /* PBXTargetDependency */,
			);
			name = CiceSportsUITests;
			productName = CiceSportsUITests;
			productReference = 09BFF1E7265C249200395356 /* CiceSportsUITests.xctest */;
			productType = "com.apple.product-type.bundle.ui-testing";
		};
/* End PBXNativeTarget section */

/* Begin PBXProject section */
		09BFF1BE265C248F00395356 /* Project object */ = {
			isa = PBXProject;
			attributes = {
				LastSwiftUpdateCheck = 1230;
				LastUpgradeCheck = 1230;
				TargetAttributes = {
					09BFF1C5265C249000395356 = {
						CreatedOnToolsVersion = 12.3;
						LastSwiftMigration = 1230;
					};
					09BFF1DB265C249200395356 = {
						CreatedOnToolsVersion = 12.3;
						TestTargetID = 09BFF1C5265C249000395356;
					};
					09BFF1E6265C249200395356 = {
						CreatedOnToolsVersion = 12.3;
						TestTargetID = 09BFF1C5265C249000395356;
					};
				};
			};
			buildConfigurationList = 09BFF1C1265C248F00395356 /* Build configuration list for PBXProject "CiceSports" */;
			compatibilityVersion = "Xcode 9.3";
			developmentRegion = en;
			hasScannedForEncodings = 0;
			knownRegions = (
				en,
				Base,
			);
			mainGroup = 09BFF1BD265C248F00395356;
			productRefGroup = 09BFF1C7265C249000395356 /* Products */;
			projectDirPath = "";
			projectRoot = "";
			targets = (
				09BFF1C5265C249000395356 /* CiceSports */,
				09BFF1DB265C249200395356 /* CiceSportsTests */,
				09BFF1E6265C249200395356 /* CiceSportsUITests */,
			);
		};
/* End PBXProject section */

/* Begin PBXResourcesBuildPhase section */
		09BFF1C4265C249000395356 /* Resources */ = {
			isa = PBXResourcesBuildPhase;
			buildActionMask = 2147483647;
			files = (
				09BFF1D6265C249100395356 /* LaunchScreen.storyboard in Resources */,
				09BFF206265C258200395356 /* SplashViewController.xib in Resources */,
				09BFF2862660155900395356 /* HomeTabBarController.xib in Resources */,
				09BFF32326616DE300395356 /* TrainingTwoViewController.xib in Resources */,
				09BFF33526617BBE00395356 /* HeaderTableViewCell.xib in Resources */,
				09BFF33F26617FA100395356 /* BodyTableViewCell.xib in Resources */,
				09BFF31926616DB100395356 /* TrainingOneViewController.xib in Resources */,
				09BFF36C266576C200395356 /* GenericWebViewController.xib in Resources */,
				09BFF32D26616E1400395356 /* MenuViewController.xib in Resources */,
				09BFF1D3265C249100395356 /* Assets.xcassets in Resources */,
			);
			runOnlyForDeploymentPostprocessing = 0;
		};
		09BFF1DA265C249200395356 /* Resources */ = {
			isa = PBXResourcesBuildPhase;
			buildActionMask = 2147483647;
			files = (
			);
			runOnlyForDeploymentPostprocessing = 0;
		};
		09BFF1E5265C249200395356 /* Resources */ = {
			isa = PBXResourcesBuildPhase;
			buildActionMask = 2147483647;
			files = (
			);
			runOnlyForDeploymentPostprocessing = 0;
		};
/* End PBXResourcesBuildPhase section */

/* Begin PBXSourcesBuildPhase section */
		09BFF1C2265C249000395356 /* Sources */ = {
			isa = PBXSourcesBuildPhase;
			buildActionMask = 2147483647;
			files = (
				09BFF35C2665768600395356 /* GenericWebViewRouterImpl.swift in Sources */,
				09BFF308266166C100395356 /* MenuInteractorImpl.swift in Sources */,
				09BFF217265C315700395356 /* AppAssembly.swift in Sources */,
				09BFF2E22661656F00395356 /* TrainingOnePresenterImpl.swift in Sources */,
				09BFF309266166C100395356 /* MenuProviderImpl.swift in Sources */,
				09BFF27E2660144100395356 /* SWRevealViewController .m in Sources */,
				09BFF33E26617FA100395356 /* BodyTableViewCell.swift in Sources */,
				09BFF2E42661656F00395356 /* TrainingOneRouterImpl.swift in Sources */,
				09BFF2E72661656F00395356 /* TrainingOneInteractorImpl.swift in Sources */,
				09BFF276265ED98200395356 /* MenuViewModel.swift in Sources */,
				09BFF233265D6D4A00395356 /* SplashPresenterImpl.swift in Sources */,
				09BFF2E62661656F00395356 /* TrainingOneProviderImpl.swift in Sources */,
				09BFF32226616DE300395356 /* TrainingTwoViewController.swift in Sources */,
				09BFF35F2665768600395356 /* GenericWebViewInteractorImpl.swift in Sources */,
				09BFF1CA265C249000395356 /* AppDelegate.swift in Sources */,
				09BFF36B266576C200395356 /* GenericWebViewController.swift in Sources */,
				09BFF35A2665768600395356 /* GenericWebViewAssembly.swift in Sources */,
				09BFF2CB2661654200395356 /* TrainingTwoPresenterImpl.swift in Sources */,
				09BFF2CF2661654200395356 /* TrainingTwoRouterImpl.swift in Sources */,
				09BFF2E32661656F00395356 /* TrainingOneAssembly.swift in Sources */,
				09BFF28E2660159D00395356 /* HomeTabBarAssembly.swift in Sources */,
				09BFF205265C258200395356 /* SplashViewController.swift in Sources */,
				09BFF307266166C100395356 /* MenuRouterImpl.swift in Sources */,
				09BFF23D265D71BC00395356 /* SplashAssembly.swift in Sources */,
				09BFF255265EBA3700395356 /* Utils.swift in Sources */,
				09BFF31826616DB100395356 /* TrainingOneViewController.swift in Sources */,
				09BFF35B2665768600395356 /* GenericWebViewProviderImpl.swift in Sources */,
				09BFF22E265C393100395356 /* BaseVIPER.swift in Sources */,
				09BFF30C266166C100395356 /* MenuPresenterImpl.swift in Sources */,
				09BFF24C265EB91200395356 /* RequestManager.swift in Sources */,
				09BFF25E265EC43B00395356 /* SplashProviderImpl.swift in Sources */,
				09BFF26F265ED2A900395356 /* SplashInteractorImpl.swift in Sources */,
				09BFF344266560EE00395356 /* CoreDataStack.swift in Sources */,
				09BFF238265D6EE700395356 /* SplashRouterImpl.swift in Sources */,
				09BFF35E2665768600395356 /* GenericWebViewPresenterImpl.swift in Sources */,
				09BFF2CD2661654200395356 /* TrainingTwoInteractorImpl.swift in Sources */,
				09BFF33426617BBE00395356 /* HeaderTableViewCell.swift in Sources */,
				09BFF2CE2661654200395356 /* TrainingTwoProviderImpl.swift in Sources */,
				09BFF243265D730E00395356 /* ReuseIdentifier.swift in Sources */,
				09BFF2852660155900395356 /* HomeTabBarController.swift in Sources */,
				09BFF32C26616E1400395356 /* MenuViewController.swift in Sources */,
				09BFF30A266166C100395356 /* MenuAssembly.swift in Sources */,
				09BFF3492665702C00395356 /* NetworkError.swift in Sources */,
				09BFF2CC2661654200395356 /* TrainingTwoAssembly.swift in Sources */,
				09BFF267265EC76E00395356 /* ResponseMenuModel.swift in Sources */,
			);
			runOnlyForDeploymentPostprocessing = 0;
		};
		09BFF1D8265C249200395356 /* Sources */ = {
			isa = PBXSourcesBuildPhase;
			buildActionMask = 2147483647;
			files = (
			);
			runOnlyForDeploymentPostprocessing = 0;
		};
		09BFF1E3265C249200395356 /* Sources */ = {
			isa = PBXSourcesBuildPhase;
			buildActionMask = 2147483647;
			files = (
			);
			runOnlyForDeploymentPostprocessing = 0;
		};
/* End PBXSourcesBuildPhase section */

/* Begin PBXTargetDependency section */
		09BFF1DE265C249200395356 /* PBXTargetDependency */ = {
			isa = PBXTargetDependency;
			target = 09BFF1C5265C249000395356 /* CiceSports */;
			targetProxy = 09BFF1DD265C249200395356 /* PBXContainerItemProxy */;
		};
		09BFF1E9265C249200395356 /* PBXTargetDependency */ = {
			isa = PBXTargetDependency;
			target = 09BFF1C5265C249000395356 /* CiceSports */;
			targetProxy = 09BFF1E8265C249200395356 /* PBXContainerItemProxy */;
		};
/* End PBXTargetDependency section */

/* Begin PBXVariantGroup section */
		09BFF1D4265C249100395356 /* LaunchScreen.storyboard */ = {
			isa = PBXVariantGroup;
			children = (
				09BFF1D5265C249100395356 /* Base */,
			);
			name = LaunchScreen.storyboard;
			sourceTree = "<group>";
		};
/* End PBXVariantGroup section */

/* Begin XCBuildConfiguration section */
		09BFF1EE265C249200395356 /* Debug */ = {
			isa = XCBuildConfiguration;
			buildSettings = {
				ALWAYS_SEARCH_USER_PATHS = NO;
				CLANG_ANALYZER_NONNULL = YES;
				CLANG_ANALYZER_NUMBER_OBJECT_CONVERSION = YES_AGGRESSIVE;
				CLANG_CXX_LANGUAGE_STANDARD = "gnu++14";
				CLANG_CXX_LIBRARY = "libc++";
				CLANG_ENABLE_MODULES = YES;
				CLANG_ENABLE_OBJC_ARC = YES;
				CLANG_ENABLE_OBJC_WEAK = YES;
				CLANG_WARN_BLOCK_CAPTURE_AUTORELEASING = YES;
				CLANG_WARN_BOOL_CONVERSION = YES;
				CLANG_WARN_COMMA = YES;
				CLANG_WARN_CONSTANT_CONVERSION = YES;
				CLANG_WARN_DEPRECATED_OBJC_IMPLEMENTATIONS = YES;
				CLANG_WARN_DIRECT_OBJC_ISA_USAGE = YES_ERROR;
				CLANG_WARN_DOCUMENTATION_COMMENTS = YES;
				CLANG_WARN_EMPTY_BODY = YES;
				CLANG_WARN_ENUM_CONVERSION = YES;
				CLANG_WARN_INFINITE_RECURSION = YES;
				CLANG_WARN_INT_CONVERSION = YES;
				CLANG_WARN_NON_LITERAL_NULL_CONVERSION = YES;
				CLANG_WARN_OBJC_IMPLICIT_RETAIN_SELF = YES;
				CLANG_WARN_OBJC_LITERAL_CONVERSION = YES;
				CLANG_WARN_OBJC_ROOT_CLASS = YES_ERROR;
				CLANG_WARN_QUOTED_INCLUDE_IN_FRAMEWORK_HEADER = YES;
				CLANG_WARN_RANGE_LOOP_ANALYSIS = YES;
				CLANG_WARN_STRICT_PROTOTYPES = YES;
				CLANG_WARN_SUSPICIOUS_MOVE = YES;
				CLANG_WARN_UNGUARDED_AVAILABILITY = YES_AGGRESSIVE;
				CLANG_WARN_UNREACHABLE_CODE = YES;
				CLANG_WARN__DUPLICATE_METHOD_MATCH = YES;
				COPY_PHASE_STRIP = NO;
				DEBUG_INFORMATION_FORMAT = dwarf;
				ENABLE_STRICT_OBJC_MSGSEND = YES;
				ENABLE_TESTABILITY = YES;
				GCC_C_LANGUAGE_STANDARD = gnu11;
				GCC_DYNAMIC_NO_PIC = NO;
				GCC_NO_COMMON_BLOCKS = YES;
				GCC_OPTIMIZATION_LEVEL = 0;
				GCC_PREPROCESSOR_DEFINITIONS = (
					"DEBUG=1",
					"$(inherited)",
				);
				GCC_WARN_64_TO_32_BIT_CONVERSION = YES;
				GCC_WARN_ABOUT_RETURN_TYPE = YES_ERROR;
				GCC_WARN_UNDECLARED_SELECTOR = YES;
				GCC_WARN_UNINITIALIZED_AUTOS = YES_AGGRESSIVE;
				GCC_WARN_UNUSED_FUNCTION = YES;
				GCC_WARN_UNUSED_VARIABLE = YES;
				IPHONEOS_DEPLOYMENT_TARGET = 14.3;
				MTL_ENABLE_DEBUG_INFO = INCLUDE_SOURCE;
				MTL_FAST_MATH = YES;
				ONLY_ACTIVE_ARCH = YES;
				SDKROOT = iphoneos;
				SWIFT_ACTIVE_COMPILATION_CONDITIONS = DEBUG;
				SWIFT_OPTIMIZATION_LEVEL = "-Onone";
			};
			name = Debug;
		};
		09BFF1EF265C249200395356 /* Release */ = {
			isa = XCBuildConfiguration;
			buildSettings = {
				ALWAYS_SEARCH_USER_PATHS = NO;
				CLANG_ANALYZER_NONNULL = YES;
				CLANG_ANALYZER_NUMBER_OBJECT_CONVERSION = YES_AGGRESSIVE;
				CLANG_CXX_LANGUAGE_STANDARD = "gnu++14";
				CLANG_CXX_LIBRARY = "libc++";
				CLANG_ENABLE_MODULES = YES;
				CLANG_ENABLE_OBJC_ARC = YES;
				CLANG_ENABLE_OBJC_WEAK = YES;
				CLANG_WARN_BLOCK_CAPTURE_AUTORELEASING = YES;
				CLANG_WARN_BOOL_CONVERSION = YES;
				CLANG_WARN_COMMA = YES;
				CLANG_WARN_CONSTANT_CONVERSION = YES;
				CLANG_WARN_DEPRECATED_OBJC_IMPLEMENTATIONS = YES;
				CLANG_WARN_DIRECT_OBJC_ISA_USAGE = YES_ERROR;
				CLANG_WARN_DOCUMENTATION_COMMENTS = YES;
				CLANG_WARN_EMPTY_BODY = YES;
				CLANG_WARN_ENUM_CONVERSION = YES;
				CLANG_WARN_INFINITE_RECURSION = YES;
				CLANG_WARN_INT_CONVERSION = YES;
				CLANG_WARN_NON_LITERAL_NULL_CONVERSION = YES;
				CLANG_WARN_OBJC_IMPLICIT_RETAIN_SELF = YES;
				CLANG_WARN_OBJC_LITERAL_CONVERSION = YES;
				CLANG_WARN_OBJC_ROOT_CLASS = YES_ERROR;
				CLANG_WARN_QUOTED_INCLUDE_IN_FRAMEWORK_HEADER = YES;
				CLANG_WARN_RANGE_LOOP_ANALYSIS = YES;
				CLANG_WARN_STRICT_PROTOTYPES = YES;
				CLANG_WARN_SUSPICIOUS_MOVE = YES;
				CLANG_WARN_UNGUARDED_AVAILABILITY = YES_AGGRESSIVE;
				CLANG_WARN_UNREACHABLE_CODE = YES;
				CLANG_WARN__DUPLICATE_METHOD_MATCH = YES;
				COPY_PHASE_STRIP = NO;
				DEBUG_INFORMATION_FORMAT = "dwarf-with-dsym";
				ENABLE_NS_ASSERTIONS = NO;
				ENABLE_STRICT_OBJC_MSGSEND = YES;
				GCC_C_LANGUAGE_STANDARD = gnu11;
				GCC_NO_COMMON_BLOCKS = YES;
				GCC_WARN_64_TO_32_BIT_CONVERSION = YES;
				GCC_WARN_ABOUT_RETURN_TYPE = YES_ERROR;
				GCC_WARN_UNDECLARED_SELECTOR = YES;
				GCC_WARN_UNINITIALIZED_AUTOS = YES_AGGRESSIVE;
				GCC_WARN_UNUSED_FUNCTION = YES;
				GCC_WARN_UNUSED_VARIABLE = YES;
				IPHONEOS_DEPLOYMENT_TARGET = 14.3;
				MTL_ENABLE_DEBUG_INFO = NO;
				MTL_FAST_MATH = YES;
				SDKROOT = iphoneos;
				SWIFT_COMPILATION_MODE = wholemodule;
				SWIFT_OPTIMIZATION_LEVEL = "-O";
				VALIDATE_PRODUCT = YES;
			};
			name = Release;
		};
		09BFF1F1265C249200395356 /* Debug */ = {
			isa = XCBuildConfiguration;
			buildSettings = {
				ASSETCATALOG_COMPILER_APPICON_NAME = AppIcon;
				ASSETCATALOG_COMPILER_GLOBAL_ACCENT_COLOR_NAME = AccentColor;
				CLANG_ENABLE_MODULES = YES;
				CODE_SIGN_STYLE = Automatic;
				INFOPLIST_FILE = CiceSports/Info.plist;
				LD_RUNPATH_SEARCH_PATHS = (
					"$(inherited)",
					"@executable_path/Frameworks",
				);
				PRODUCT_BUNDLE_IDENTIFIER = com.cice.co.iOS.CiceSports.CiceSports;
				PRODUCT_NAME = "$(TARGET_NAME)";
				SWIFT_OBJC_BRIDGING_HEADER = "CiceSports/MenuLateral/CiceSports-Bridging-Header.h";
				SWIFT_OPTIMIZATION_LEVEL = "-Onone";
				SWIFT_VERSION = 5.0;
				TARGETED_DEVICE_FAMILY = 1;
			};
			name = Debug;
		};
		09BFF1F2265C249200395356 /* Release */ = {
			isa = XCBuildConfiguration;
			buildSettings = {
				ASSETCATALOG_COMPILER_APPICON_NAME = AppIcon;
				ASSETCATALOG_COMPILER_GLOBAL_ACCENT_COLOR_NAME = AccentColor;
				CLANG_ENABLE_MODULES = YES;
				CODE_SIGN_STYLE = Automatic;
				INFOPLIST_FILE = CiceSports/Info.plist;
				LD_RUNPATH_SEARCH_PATHS = (
					"$(inherited)",
					"@executable_path/Frameworks",
				);
				PRODUCT_BUNDLE_IDENTIFIER = com.cice.co.iOS.CiceSports.CiceSports;
				PRODUCT_NAME = "$(TARGET_NAME)";
				SWIFT_OBJC_BRIDGING_HEADER = "CiceSports/MenuLateral/CiceSports-Bridging-Header.h";
				SWIFT_VERSION = 5.0;
				TARGETED_DEVICE_FAMILY = 1;
			};
			name = Release;
		};
		09BFF1F4265C249200395356 /* Debug */ = {
			isa = XCBuildConfiguration;
			buildSettings = {
				ALWAYS_EMBED_SWIFT_STANDARD_LIBRARIES = YES;
				BUNDLE_LOADER = "$(TEST_HOST)";
				CODE_SIGN_STYLE = Automatic;
				INFOPLIST_FILE = CiceSportsTests/Info.plist;
				IPHONEOS_DEPLOYMENT_TARGET = 14.3;
				LD_RUNPATH_SEARCH_PATHS = (
					"$(inherited)",
					"@executable_path/Frameworks",
					"@loader_path/Frameworks",
				);
				PRODUCT_BUNDLE_IDENTIFIER = com.cice.co.iOS.CiceSports.CiceSportsTests;
				PRODUCT_NAME = "$(TARGET_NAME)";
				SWIFT_VERSION = 5.0;
				TARGETED_DEVICE_FAMILY = "1,2";
				TEST_HOST = "$(BUILT_PRODUCTS_DIR)/CiceSports.app/CiceSports";
			};
			name = Debug;
		};
		09BFF1F5265C249200395356 /* Release */ = {
			isa = XCBuildConfiguration;
			buildSettings = {
				ALWAYS_EMBED_SWIFT_STANDARD_LIBRARIES = YES;
				BUNDLE_LOADER = "$(TEST_HOST)";
				CODE_SIGN_STYLE = Automatic;
				INFOPLIST_FILE = CiceSportsTests/Info.plist;
				IPHONEOS_DEPLOYMENT_TARGET = 14.3;
				LD_RUNPATH_SEARCH_PATHS = (
					"$(inherited)",
					"@executable_path/Frameworks",
					"@loader_path/Frameworks",
				);
				PRODUCT_BUNDLE_IDENTIFIER = com.cice.co.iOS.CiceSports.CiceSportsTests;
				PRODUCT_NAME = "$(TARGET_NAME)";
				SWIFT_VERSION = 5.0;
				TARGETED_DEVICE_FAMILY = "1,2";
				TEST_HOST = "$(BUILT_PRODUCTS_DIR)/CiceSports.app/CiceSports";
			};
			name = Release;
		};
		09BFF1F7265C249200395356 /* Debug */ = {
			isa = XCBuildConfiguration;
			buildSettings = {
				ALWAYS_EMBED_SWIFT_STANDARD_LIBRARIES = YES;
				CODE_SIGN_STYLE = Automatic;
				INFOPLIST_FILE = CiceSportsUITests/Info.plist;
				LD_RUNPATH_SEARCH_PATHS = (
					"$(inherited)",
					"@executable_path/Frameworks",
					"@loader_path/Frameworks",
				);
				PRODUCT_BUNDLE_IDENTIFIER = com.cice.co.iOS.CiceSports.CiceSportsUITests;
				PRODUCT_NAME = "$(TARGET_NAME)";
				SWIFT_VERSION = 5.0;
				TARGETED_DEVICE_FAMILY = "1,2";
				TEST_TARGET_NAME = CiceSports;
			};
			name = Debug;
		};
		09BFF1F8265C249200395356 /* Release */ = {
			isa = XCBuildConfiguration;
			buildSettings = {
				ALWAYS_EMBED_SWIFT_STANDARD_LIBRARIES = YES;
				CODE_SIGN_STYLE = Automatic;
				INFOPLIST_FILE = CiceSportsUITests/Info.plist;
				LD_RUNPATH_SEARCH_PATHS = (
					"$(inherited)",
					"@executable_path/Frameworks",
					"@loader_path/Frameworks",
				);
				PRODUCT_BUNDLE_IDENTIFIER = com.cice.co.iOS.CiceSports.CiceSportsUITests;
				PRODUCT_NAME = "$(TARGET_NAME)";
				SWIFT_VERSION = 5.0;
				TARGETED_DEVICE_FAMILY = "1,2";
				TEST_TARGET_NAME = CiceSports;
			};
			name = Release;
		};
/* End XCBuildConfiguration section */

/* Begin XCConfigurationList section */
		09BFF1C1265C248F00395356 /* Build configuration list for PBXProject "CiceSports" */ = {
			isa = XCConfigurationList;
			buildConfigurations = (
				09BFF1EE265C249200395356 /* Debug */,
				09BFF1EF265C249200395356 /* Release */,
			);
			defaultConfigurationIsVisible = 0;
			defaultConfigurationName = Release;
		};
		09BFF1F0265C249200395356 /* Build configuration list for PBXNativeTarget "CiceSports" */ = {
			isa = XCConfigurationList;
			buildConfigurations = (
				09BFF1F1265C249200395356 /* Debug */,
				09BFF1F2265C249200395356 /* Release */,
			);
			defaultConfigurationIsVisible = 0;
			defaultConfigurationName = Release;
		};
		09BFF1F3265C249200395356 /* Build configuration list for PBXNativeTarget "CiceSportsTests" */ = {
			isa = XCConfigurationList;
			buildConfigurations = (
				09BFF1F4265C249200395356 /* Debug */,
				09BFF1F5265C249200395356 /* Release */,
			);
			defaultConfigurationIsVisible = 0;
			defaultConfigurationName = Release;
		};
		09BFF1F6265C249200395356 /* Build configuration list for PBXNativeTarget "CiceSportsUITests" */ = {
			isa = XCConfigurationList;
			buildConfigurations = (
				09BFF1F7265C249200395356 /* Debug */,
				09BFF1F8265C249200395356 /* Release */,
			);
			defaultConfigurationIsVisible = 0;
			defaultConfigurationName = Release;
		};
/* End XCConfigurationList section */
	};
	rootObject = 09BFF1BE265C248F00395356 /* Project object */;
}
