// !$*UTF8*$!
{
	archiveVersion = 1;
	classes = {
	};
	objectVersion = 50;
	objects = {

/* Begin PBXBuildFile section */
		09BFF1CA265C249000395356 /* AppDelegate.swift in Sources */ = {isa = PBXBuildFile; fileRef = 09BFF1C9265C249000395356 /* AppDelegate.swift */; };
		09BFF1D3265C249100395356 /* Assets.xcassets in Resources */ = {isa = PBXBuildFile; fileRef = 09BFF1D2265C249100395356 /* Assets.xcassets */; };
		09BFF1D6265C249100395356 /* LaunchScreen.storyboard in Resources */ = {isa = PBXBuildFile; fileRef = 09BFF1D4265C249100395356 /* LaunchScreen.storyboard */; };
		09BFF205265C258200395356 /* SplashViewController.swift in Sources */ = {isa = PBXBuildFile; fileRef = 09BFF203265C258200395356 /* SplashViewController.swift */; };
		09BFF206265C258200395356 /* SplashViewController.xib in Resources */ = {isa = PBXBuildFile; fileRef = 09BFF204265C258200395356 /* SplashViewController.xib */; };
		09BFF217265C315700395356 /* AppAssembly.swift in Sources */ = {isa = PBXBuildFile; fileRef = 09BFF216265C315700395356 /* AppAssembly.swift */; };
		09BFF22E265C393100395356 /* BaseVIPER.swift in Sources */ = {isa = PBXBuildFile; fileRef = 09BFF22D265C393100395356 /* BaseVIPER.swift */; };
/* End PBXBuildFile section */

/* Begin PBXContainerItemProxy section */
		09BFF1DD265C249200395356 /* PBXContainerItemProxy */ = {
			isa = PBXContainerItemProxy;
			containerPortal = 09BFF1BE265C248F00395356 /* Project object */;
			proxyType = 1;
			remoteGlobalIDString = 09BFF1C5265C249000395356;
			remoteInfo = CiceSports;
		};
		09BFF1E8265C249200395356 /* PBXContainerItemProxy */ = {
			isa = PBXContainerItemProxy;
			containerPortal = 09BFF1BE265C248F00395356 /* Project object */;
			proxyType = 1;
			remoteGlobalIDString = 09BFF1C5265C249000395356;
			remoteInfo = CiceSports;
		};
/* End PBXContainerItemProxy section */

/* Begin PBXFileReference section */
		09BFF1C6265C249000395356 /* CiceSports.app */ = {isa = PBXFileReference; explicitFileType = wrapper.application; includeInIndex = 0; path = CiceSports.app; sourceTree = BUILT_PRODUCTS_DIR; };
		09BFF1C9265C249000395356 /* AppDelegate.swift */ = {isa = PBXFileReference; lastKnownFileType = sourcecode.swift; path = AppDelegate.swift; sourceTree = "<group>"; };
		09BFF1D2265C249100395356 /* Assets.xcassets */ = {isa = PBXFileReference; lastKnownFileType = folder.assetcatalog; path = Assets.xcassets; sourceTree = "<group>"; };
		09BFF1D5265C249100395356 /* Base */ = {isa = PBXFileReference; lastKnownFileType = file.storyboard; name = Base; path = Base.lproj/LaunchScreen.storyboard; sourceTree = "<group>"; };
		09BFF1D7265C249100395356 /* Info.plist */ = {isa = PBXFileReference; lastKnownFileType = text.plist.xml; path = Info.plist; sourceTree = "<group>"; };
		09BFF1DC265C249200395356 /* CiceSportsTests.xctest */ = {isa = PBXFileReference; explicitFileType = wrapper.cfbundle; includeInIndex = 0; path = CiceSportsTests.xctest; sourceTree = BUILT_PRODUCTS_DIR; };
		09BFF1E7265C249200395356 /* CiceSportsUITests.xctest */ = {isa = PBXFileReference; explicitFileType = wrapper.cfbundle; includeInIndex = 0; path = CiceSportsUITests.xctest; sourceTree = BUILT_PRODUCTS_DIR; };
		09BFF203265C258200395356 /* SplashViewController.swift */ = {isa = PBXFileReference; lastKnownFileType = sourcecode.swift; path = SplashViewController.swift; sourceTree = "<group>"; };
		09BFF204265C258200395356 /* SplashViewController.xib */ = {isa = PBXFileReference; lastKnownFileType = file.xib; path = SplashViewController.xib; sourceTree = "<group>"; };
		09BFF216265C315700395356 /* AppAssembly.swift */ = {isa = PBXFileReference; lastKnownFileType = sourcecode.swift; path = AppAssembly.swift; sourceTree = "<group>"; };
		09BFF22D265C393100395356 /* BaseVIPER.swift */ = {isa = PBXFileReference; lastKnownFileType = sourcecode.swift; path = BaseVIPER.swift; sourceTree = "<group>"; };
/* End PBXFileReference section */

/* Begin PBXFrameworksBuildPhase section */
		09BFF1C3265C249000395356 /* Frameworks */ = {
			isa = PBXFrameworksBuildPhase;
			buildActionMask = 2147483647;
			files = (
			);
			runOnlyForDeploymentPostprocessing = 0;
		};
		09BFF1D9265C249200395356 /* Frameworks */ = {
			isa = PBXFrameworksBuildPhase;
			buildActionMask = 2147483647;
			files = (
			);
			runOnlyForDeploymentPostprocessing = 0;
		};
		09BFF1E4265C249200395356 /* Frameworks */ = {
			isa = PBXFrameworksBuildPhase;
			buildActionMask = 2147483647;
			files = (
			);
			runOnlyForDeploymentPostprocessing = 0;
		};
/* End PBXFrameworksBuildPhase section */

/* Begin PBXGroup section */
		09BFF1BD265C248F00395356 = {
			isa = PBXGroup;
			children = (
				09BFF1C8265C249000395356 /* CiceSports */,
				09BFF1C7265C249000395356 /* Products */,
			);
			sourceTree = "<group>";
		};
		09BFF1C7265C249000395356 /* Products */ = {
			isa = PBXGroup;
			children = (
				09BFF1C6265C249000395356 /* CiceSports.app */,
				09BFF1DC265C249200395356 /* CiceSportsTests.xctest */,
				09BFF1E7265C249200395356 /* CiceSportsUITests.xctest */,
			);
			name = Products;
			sourceTree = "<group>";
		};
		09BFF1C8265C249000395356 /* CiceSports */ = {
			isa = PBXGroup;
			children = (
				09BFF221265C38E900395356 /* BaseVIPER */,
				09BFF215265C30F500395356 /* Core */,
				09BFF202265C253400395356 /* Modules */,
				09BFF1C9265C249000395356 /* AppDelegate.swift */,
				09BFF1D2265C249100395356 /* Assets.xcassets */,
				09BFF1D4265C249100395356 /* LaunchScreen.storyboard */,
				09BFF1D7265C249100395356 /* Info.plist */,
			);
			path = CiceSports;
			sourceTree = "<group>";
		};
		09BFF202265C253400395356 /* Modules */ = {
			isa = PBXGroup;
			children = (
				09BFF20A265C259E00395356 /* SplashView */,
			);
			path = Modules;
			sourceTree = "<group>";
		};
		09BFF20A265C259E00395356 /* SplashView */ = {
			isa = PBXGroup;
			children = (
				09BFF203265C258200395356 /* SplashViewController.swift */,
				09BFF204265C258200395356 /* SplashViewController.xib */,
			);
			path = SplashView;
			sourceTree = "<group>";
		};
		09BFF215265C30F500395356 /* Core */ = {
			isa = PBXGroup;
			children = (
				09BFF216265C315700395356 /* AppAssembly.swift */,
			);
			path = Core;
			sourceTree = "<group>";
		};
		09BFF221265C38E900395356 /* BaseVIPER */ = {
			isa = PBXGroup;
			children = (
				09BFF22D265C393100395356 /* BaseVIPER.swift */,
			);
			path = BaseVIPER;
			sourceTree = "<group>";
		};
/* End PBXGroup section */

/* Begin PBXNativeTarget section */
		09BFF1C5265C249000395356 /* CiceSports */ = {
			isa = PBXNativeTarget;
			buildConfigurationList = 09BFF1F0265C249200395356 /* Build configuration list for PBXNativeTarget "CiceSports" */;
			buildPhases = (
				09BFF1C2265C249000395356 /* Sources */,
				09BFF1C3265C249000395356 /* Frameworks */,
				09BFF1C4265C249000395356 /* Resources */,
			);
			buildRules = (
			);
			dependencies = (
			);
			name = CiceSports;
			productName = CiceSports;
			productReference = 09BFF1C6265C249000395356 /* CiceSports.app */;
			productType = "com.apple.product-type.application";
		};
		09BFF1DB265C249200395356 /* CiceSportsTests */ = {
			isa = PBXNativeTarget;
			buildConfigurationList = 09BFF1F3265C249200395356 /* Build configuration list for PBXNativeTarget "CiceSportsTests" */;
			buildPhases = (
				09BFF1D8265C249200395356 /* Sources */,
				09BFF1D9265C249200395356 /* Frameworks */,
				09BFF1DA265C249200395356 /* Resources */,
			);
			buildRules = (
			);
			dependencies = (
				09BFF1DE265C249200395356 /* PBXTargetDependency */,
			);
			name = CiceSportsTests;
			productName = CiceSportsTests;
			productReference = 09BFF1DC265C249200395356 /* CiceSportsTests.xctest */;
			productType = "com.apple.product-type.bundle.unit-test";
		};
		09BFF1E6265C249200395356 /* CiceSportsUITests */ = {
			isa = PBXNativeTarget;
			buildConfigurationList = 09BFF1F6265C249200395356 /* Build configuration list for PBXNativeTarget "CiceSportsUITests" */;
			buildPhases = (
				09BFF1E3265C249200395356 /* Sources */,
				09BFF1E4265C249200395356 /* Frameworks */,
				09BFF1E5265C249200395356 /* Resources */,
			);
			buildRules = (
			);
			dependencies = (
				09BFF1E9265C249200395356 /* PBXTargetDependency */,
			);
			name = CiceSportsUITests;
			productName = CiceSportsUITests;
			productReference = 09BFF1E7265C249200395356 /* CiceSportsUITests.xctest */;
			productType = "com.apple.product-type.bundle.ui-testing";
		};
/* End PBXNativeTarget section */

/* Begin PBXProject section */
		09BFF1BE265C248F00395356 /* Project object */ = {
			isa = PBXProject;
			attributes = {
				LastSwiftUpdateCheck = 1230;
				LastUpgradeCheck = 1230;
				TargetAttributes = {
					09BFF1C5265C249000395356 = {
						CreatedOnToolsVersion = 12.3;
					};
					09BFF1DB265C249200395356 = {
						CreatedOnToolsVersion = 12.3;
						TestTargetID = 09BFF1C5265C249000395356;
					};
					09BFF1E6265C249200395356 = {
						CreatedOnToolsVersion = 12.3;
						TestTargetID = 09BFF1C5265C249000395356;
					};
				};
			};
			buildConfigurationList = 09BFF1C1265C248F00395356 /* Build configuration list for PBXProject "CiceSports" */;
			compatibilityVersion = "Xcode 9.3";
			developmentRegion = en;
			hasScannedForEncodings = 0;
			knownRegions = (
				en,
				Base,
			);
			mainGroup = 09BFF1BD265C248F00395356;
			productRefGroup = 09BFF1C7265C249000395356 /* Products */;
			projectDirPath = "";
			projectRoot = "";
			targets = (
				09BFF1C5265C249000395356 /* CiceSports */,
				09BFF1DB265C249200395356 /* CiceSportsTests */,
				09BFF1E6265C249200395356 /* CiceSportsUITests */,
			);
		};
/* End PBXProject section */

/* Begin PBXResourcesBuildPhase section */
		09BFF1C4265C249000395356 /* Resources */ = {
			isa = PBXResourcesBuildPhase;
			buildActionMask = 2147483647;
			files = (
				09BFF1D6265C249100395356 /* LaunchScreen.storyboard in Resources */,
				09BFF206265C258200395356 /* SplashViewController.xib in Resources */,
				09BFF1D3265C249100395356 /* Assets.xcassets in Resources */,
			);
			runOnlyForDeploymentPostprocessing = 0;
		};
		09BFF1DA265C249200395356 /* Resources */ = {
			isa = PBXResourcesBuildPhase;
			buildActionMask = 2147483647;
			files = (
			);
			runOnlyForDeploymentPostprocessing = 0;
		};
		09BFF1E5265C249200395356 /* Resources */ = {
			isa = PBXResourcesBuildPhase;
			buildActionMask = 2147483647;
			files = (
			);
			runOnlyForDeploymentPostprocessing = 0;
		};
/* End PBXResourcesBuildPhase section */

/* Begin PBXSourcesBuildPhase section */
		09BFF1C2265C249000395356 /* Sources */ = {
			isa = PBXSourcesBuildPhase;
			buildActionMask = 2147483647;
			files = (
				09BFF217265C315700395356 /* AppAssembly.swift in Sources */,
				09BFF1CA265C249000395356 /* AppDelegate.swift in Sources */,
				09BFF205265C258200395356 /* SplashViewController.swift in Sources */,
				09BFF22E265C393100395356 /* BaseVIPER.swift in Sources */,
			);
			runOnlyForDeploymentPostprocessing = 0;
		};
		09BFF1D8265C249200395356 /* Sources */ = {
			isa = PBXSourcesBuildPhase;
			buildActionMask = 2147483647;
			files = (
			);
			runOnlyForDeploymentPostprocessing = 0;
		};
		09BFF1E3265C249200395356 /* Sources */ = {
			isa = PBXSourcesBuildPhase;
			buildActionMask = 2147483647;
			files = (
			);
			runOnlyForDeploymentPostprocessing = 0;
		};
/* End PBXSourcesBuildPhase section */

/* Begin PBXTargetDependency section */
		09BFF1DE265C249200395356 /* PBXTargetDependency */ = {
			isa = PBXTargetDependency;
			target = 09BFF1C5265C249000395356 /* CiceSports */;
			targetProxy = 09BFF1DD265C249200395356 /* PBXContainerItemProxy */;
		};
		09BFF1E9265C249200395356 /* PBXTargetDependency */ = {
			isa = PBXTargetDependency;
			target = 09BFF1C5265C249000395356 /* CiceSports */;
			targetProxy = 09BFF1E8265C249200395356 /* PBXContainerItemProxy */;
		};
/* End PBXTargetDependency section */

/* Begin PBXVariantGroup section */
		09BFF1D4265C249100395356 /* LaunchScreen.storyboard */ = {
			isa = PBXVariantGroup;
			children = (
				09BFF1D5265C249100395356 /* Base */,
			);
			name = LaunchScreen.storyboard;
			sourceTree = "<group>";
		};
/* End PBXVariantGroup section */

/* Begin XCBuildConfiguration section */
		09BFF1EE265C249200395356 /* Debug */ = {
			isa = XCBuildConfiguration;
			buildSettings = {
				ALWAYS_SEARCH_USER_PATHS = NO;
				CLANG_ANALYZER_NONNULL = YES;
				CLANG_ANALYZER_NUMBER_OBJECT_CONVERSION = YES_AGGRESSIVE;
				CLANG_CXX_LANGUAGE_STANDARD = "gnu++14";
				CLANG_CXX_LIBRARY = "libc++";
				CLANG_ENABLE_MODULES = YES;
				CLANG_ENABLE_OBJC_ARC = YES;
				CLANG_ENABLE_OBJC_WEAK = YES;
				CLANG_WARN_BLOCK_CAPTURE_AUTORELEASING = YES;
				CLANG_WARN_BOOL_CONVERSION = YES;
				CLANG_WARN_COMMA = YES;
				CLANG_WARN_CONSTANT_CONVERSION = YES;
				CLANG_WARN_DEPRECATED_OBJC_IMPLEMENTATIONS = YES;
				CLANG_WARN_DIRECT_OBJC_ISA_USAGE = YES_ERROR;
				CLANG_WARN_DOCUMENTATION_COMMENTS = YES;
				CLANG_WARN_EMPTY_BODY = YES;
				CLANG_WARN_ENUM_CONVERSION = YES;
				CLANG_WARN_INFINITE_RECURSION = YES;
				CLANG_WARN_INT_CONVERSION = YES;
				CLANG_WARN_NON_LITERAL_NULL_CONVERSION = YES;
				CLANG_WARN_OBJC_IMPLICIT_RETAIN_SELF = YES;
				CLANG_WARN_OBJC_LITERAL_CONVERSION = YES;
				CLANG_WARN_OBJC_ROOT_CLASS = YES_ERROR;
				CLANG_WARN_QUOTED_INCLUDE_IN_FRAMEWORK_HEADER = YES;
				CLANG_WARN_RANGE_LOOP_ANALYSIS = YES;
				CLANG_WARN_STRICT_PROTOTYPES = YES;
				CLANG_WARN_SUSPICIOUS_MOVE = YES;
				CLANG_WARN_UNGUARDED_AVAILABILITY = YES_AGGRESSIVE;
				CLANG_WARN_UNREACHABLE_CODE = YES;
				CLANG_WARN__DUPLICATE_METHOD_MATCH = YES;
				COPY_PHASE_STRIP = NO;
				DEBUG_INFORMATION_FORMAT = dwarf;
				ENABLE_STRICT_OBJC_MSGSEND = YES;
				ENABLE_TESTABILITY = YES;
				GCC_C_LANGUAGE_STANDARD = gnu11;
				GCC_DYNAMIC_NO_PIC = NO;
				GCC_NO_COMMON_BLOCKS = YES;
				GCC_OPTIMIZATION_LEVEL = 0;
				GCC_PREPROCESSOR_DEFINITIONS = (
					"DEBUG=1",
					"$(inherited)",
				);
				GCC_WARN_64_TO_32_BIT_CONVERSION = YES;
				GCC_WARN_ABOUT_RETURN_TYPE = YES_ERROR;
				GCC_WARN_UNDECLARED_SELECTOR = YES;
				GCC_WARN_UNINITIALIZED_AUTOS = YES_AGGRESSIVE;
				GCC_WARN_UNUSED_FUNCTION = YES;
				GCC_WARN_UNUSED_VARIABLE = YES;
				IPHONEOS_DEPLOYMENT_TARGET = 14.3;
				MTL_ENABLE_DEBUG_INFO = INCLUDE_SOURCE;
				MTL_FAST_MATH = YES;
				ONLY_ACTIVE_ARCH = YES;
				SDKROOT = iphoneos;
				SWIFT_ACTIVE_COMPILATION_CONDITIONS = DEBUG;
				SWIFT_OPTIMIZATION_LEVEL = "-Onone";
			};
			name = Debug;
		};
		09BFF1EF265C249200395356 /* Release */ = {
			isa = XCBuildConfiguration;
			buildSettings = {
				ALWAYS_SEARCH_USER_PATHS = NO;
				CLANG_ANALYZER_NONNULL = YES;
				CLANG_ANALYZER_NUMBER_OBJECT_CONVERSION = YES_AGGRESSIVE;
				CLANG_CXX_LANGUAGE_STANDARD = "gnu++14";
				CLANG_CXX_LIBRARY = "libc++";
				CLANG_ENABLE_MODULES = YES;
				CLANG_ENABLE_OBJC_ARC = YES;
				CLANG_ENABLE_OBJC_WEAK = YES;
				CLANG_WARN_BLOCK_CAPTURE_AUTORELEASING = YES;
				CLANG_WARN_BOOL_CONVERSION = YES;
				CLANG_WARN_COMMA = YES;
				CLANG_WARN_CONSTANT_CONVERSION = YES;
				CLANG_WARN_DEPRECATED_OBJC_IMPLEMENTATIONS = YES;
				CLANG_WARN_DIRECT_OBJC_ISA_USAGE = YES_ERROR;
				CLANG_WARN_DOCUMENTATION_COMMENTS = YES;
				CLANG_WARN_EMPTY_BODY = YES;
				CLANG_WARN_ENUM_CONVERSION = YES;
				CLANG_WARN_INFINITE_RECURSION = YES;
				CLANG_WARN_INT_CONVERSION = YES;
				CLANG_WARN_NON_LITERAL_NULL_CONVERSION = YES;
				CLANG_WARN_OBJC_IMPLICIT_RETAIN_SELF = YES;
				CLANG_WARN_OBJC_LITERAL_CONVERSION = YES;
				CLANG_WARN_OBJC_ROOT_CLASS = YES_ERROR;
				CLANG_WARN_QUOTED_INCLUDE_IN_FRAMEWORK_HEADER = YES;
				CLANG_WARN_RANGE_LOOP_ANALYSIS = YES;
				CLANG_WARN_STRICT_PROTOTYPES = YES;
				CLANG_WARN_SUSPICIOUS_MOVE = YES;
				CLANG_WARN_UNGUARDED_AVAILABILITY = YES_AGGRESSIVE;
				CLANG_WARN_UNREACHABLE_CODE = YES;
				CLANG_WARN__DUPLICATE_METHOD_MATCH = YES;
				COPY_PHASE_STRIP = NO;
				DEBUG_INFORMATION_FORMAT = "dwarf-with-dsym";
				ENABLE_NS_ASSERTIONS = NO;
				ENABLE_STRICT_OBJC_MSGSEND = YES;
				GCC_C_LANGUAGE_STANDARD = gnu11;
				GCC_NO_COMMON_BLOCKS = YES;
				GCC_WARN_64_TO_32_BIT_CONVERSION = YES;
				GCC_WARN_ABOUT_RETURN_TYPE = YES_ERROR;
				GCC_WARN_UNDECLARED_SELECTOR = YES;
				GCC_WARN_UNINITIALIZED_AUTOS = YES_AGGRESSIVE;
				GCC_WARN_UNUSED_FUNCTION = YES;
				GCC_WARN_UNUSED_VARIABLE = YES;
				IPHONEOS_DEPLOYMENT_TARGET = 14.3;
				MTL_ENABLE_DEBUG_INFO = NO;
				MTL_FAST_MATH = YES;
				SDKROOT = iphoneos;
				SWIFT_COMPILATION_MODE = wholemodule;
				SWIFT_OPTIMIZATION_LEVEL = "-O";
				VALIDATE_PRODUCT = YES;
			};
			name = Release;
		};
		09BFF1F1265C249200395356 /* Debug */ = {
			isa = XCBuildConfiguration;
			buildSettings = {
				ASSETCATALOG_COMPILER_APPICON_NAME = AppIcon;
				ASSETCATALOG_COMPILER_GLOBAL_ACCENT_COLOR_NAME = AccentColor;
				CODE_SIGN_STYLE = Automatic;
				INFOPLIST_FILE = CiceSports/Info.plist;
				LD_RUNPATH_SEARCH_PATHS = (
					"$(inherited)",
					"@executable_path/Frameworks",
				);
				PRODUCT_BUNDLE_IDENTIFIER = com.cice.co.iOS.CiceSports.CiceSports;
				PRODUCT_NAME = "$(TARGET_NAME)";
				SWIFT_VERSION = 5.0;
				TARGETED_DEVICE_FAMILY = 1;
			};
			name = Debug;
		};
		09BFF1F2265C249200395356 /* Release */ = {
			isa = XCBuildConfiguration;
			buildSettings = {
				ASSETCATALOG_COMPILER_APPICON_NAME = AppIcon;
				ASSETCATALOG_COMPILER_GLOBAL_ACCENT_COLOR_NAME = AccentColor;
				CODE_SIGN_STYLE = Automatic;
				INFOPLIST_FILE = CiceSports/Info.plist;
				LD_RUNPATH_SEARCH_PATHS = (
					"$(inherited)",
					"@executable_path/Frameworks",
				);
				PRODUCT_BUNDLE_IDENTIFIER = com.cice.co.iOS.CiceSports.CiceSports;
				PRODUCT_NAME = "$(TARGET_NAME)";
				SWIFT_VERSION = 5.0;
				TARGETED_DEVICE_FAMILY = 1;
			};
			name = Release;
		};
		09BFF1F4265C249200395356 /* Debug */ = {
			isa = XCBuildConfiguration;
			buildSettings = {
				ALWAYS_EMBED_SWIFT_STANDARD_LIBRARIES = YES;
				BUNDLE_LOADER = "$(TEST_HOST)";
				CODE_SIGN_STYLE = Automatic;
				INFOPLIST_FILE = CiceSportsTests/Info.plist;
				IPHONEOS_DEPLOYMENT_TARGET = 14.3;
				LD_RUNPATH_SEARCH_PATHS = (
					"$(inherited)",
					"@executable_path/Frameworks",
					"@loader_path/Frameworks",
				);
				PRODUCT_BUNDLE_IDENTIFIER = com.cice.co.iOS.CiceSports.CiceSportsTests;
				PRODUCT_NAME = "$(TARGET_NAME)";
				SWIFT_VERSION = 5.0;
				TARGETED_DEVICE_FAMILY = "1,2";
				TEST_HOST = "$(BUILT_PRODUCTS_DIR)/CiceSports.app/CiceSports";
			};
			name = Debug;
		};
		09BFF1F5265C249200395356 /* Release */ = {
			isa = XCBuildConfiguration;
			buildSettings = {
				ALWAYS_EMBED_SWIFT_STANDARD_LIBRARIES = YES;
				BUNDLE_LOADER = "$(TEST_HOST)";
				CODE_SIGN_STYLE = Automatic;
				INFOPLIST_FILE = CiceSportsTests/Info.plist;
				IPHONEOS_DEPLOYMENT_TARGET = 14.3;
				LD_RUNPATH_SEARCH_PATHS = (
					"$(inherited)",
					"@executable_path/Frameworks",
					"@loader_path/Frameworks",
				);
				PRODUCT_BUNDLE_IDENTIFIER = com.cice.co.iOS.CiceSports.CiceSportsTests;
				PRODUCT_NAME = "$(TARGET_NAME)";
				SWIFT_VERSION = 5.0;
				TARGETED_DEVICE_FAMILY = "1,2";
				TEST_HOST = "$(BUILT_PRODUCTS_DIR)/CiceSports.app/CiceSports";
			};
			name = Release;
		};
		09BFF1F7265C249200395356 /* Debug */ = {
			isa = XCBuildConfiguration;
			buildSettings = {
				ALWAYS_EMBED_SWIFT_STANDARD_LIBRARIES = YES;
				CODE_SIGN_STYLE = Automatic;
				INFOPLIST_FILE = CiceSportsUITests/Info.plist;
				LD_RUNPATH_SEARCH_PATHS = (
					"$(inherited)",
					"@executable_path/Frameworks",
					"@loader_path/Frameworks",
				);
				PRODUCT_BUNDLE_IDENTIFIER = com.cice.co.iOS.CiceSports.CiceSportsUITests;
				PRODUCT_NAME = "$(TARGET_NAME)";
				SWIFT_VERSION = 5.0;
				TARGETED_DEVICE_FAMILY = "1,2";
				TEST_TARGET_NAME = CiceSports;
			};
			name = Debug;
		};
		09BFF1F8265C249200395356 /* Release */ = {
			isa = XCBuildConfiguration;
			buildSettings = {
				ALWAYS_EMBED_SWIFT_STANDARD_LIBRARIES = YES;
				CODE_SIGN_STYLE = Automatic;
				INFOPLIST_FILE = CiceSportsUITests/Info.plist;
				LD_RUNPATH_SEARCH_PATHS = (
					"$(inherited)",
					"@executable_path/Frameworks",
					"@loader_path/Frameworks",
				);
				PRODUCT_BUNDLE_IDENTIFIER = com.cice.co.iOS.CiceSports.CiceSportsUITests;
				PRODUCT_NAME = "$(TARGET_NAME)";
				SWIFT_VERSION = 5.0;
				TARGETED_DEVICE_FAMILY = "1,2";
				TEST_TARGET_NAME = CiceSports;
			};
			name = Release;
		};
/* End XCBuildConfiguration section */

/* Begin XCConfigurationList section */
		09BFF1C1265C248F00395356 /* Build configuration list for PBXProject "CiceSports" */ = {
			isa = XCConfigurationList;
			buildConfigurations = (
				09BFF1EE265C249200395356 /* Debug */,
				09BFF1EF265C249200395356 /* Release */,
			);
			defaultConfigurationIsVisible = 0;
			defaultConfigurationName = Release;
		};
		09BFF1F0265C249200395356 /* Build configuration list for PBXNativeTarget "CiceSports" */ = {
			isa = XCConfigurationList;
			buildConfigurations = (
				09BFF1F1265C249200395356 /* Debug */,
				09BFF1F2265C249200395356 /* Release */,
			);
			defaultConfigurationIsVisible = 0;
			defaultConfigurationName = Release;
		};
		09BFF1F3265C249200395356 /* Build configuration list for PBXNativeTarget "CiceSportsTests" */ = {
			isa = XCConfigurationList;
			buildConfigurations = (
				09BFF1F4265C249200395356 /* Debug */,
				09BFF1F5265C249200395356 /* Release */,
			);
			defaultConfigurationIsVisible = 0;
			defaultConfigurationName = Release;
		};
		09BFF1F6265C249200395356 /* Build configuration list for PBXNativeTarget "CiceSportsUITests" */ = {
			isa = XCConfigurationList;
			buildConfigurations = (
				09BFF1F7265C249200395356 /* Debug */,
				09BFF1F8265C249200395356 /* Release */,
			);
			defaultConfigurationIsVisible = 0;
			defaultConfigurationName = Release;
		};
/* End XCConfigurationList section */
	};
	rootObject = 09BFF1BE265C248F00395356 /* Project object */;
}
